
Microsoft Visual Studio Solution File, Format Version 12.00
# Visual Studio Version 16
VisualStudioVersion = 16.0.31112.23
MinimumVisualStudioVersion = 10.0.40219.1
Project("{FAE04EC0-301F-11D3-BF4B-00C04F79EFBC}") = "CalculatorLib", "CalculatorLib\CalculatorLib.csproj", "{528D0247-EB0C-4EAC-8597-07776DCA6B60}"
EndProject
Project("{FAE04EC0-301F-11D3-BF4B-00C04F79EFBC}") = "CalculatorUnitTest", "CalculatorUnitTest\CalculatorUnitTest.csproj", "{86B641B0-5137-4B79-8B9A-D6F71B788C10}"
EndProject
Global
	GlobalSection(SolutionConfigurationPlatforms) = preSolution
		Debug|Any CPU = Debug|Any CPU
		Release|Any CPU = Release|Any CPU
	EndGlobalSection
	GlobalSection(ProjectConfigurationPlatforms) = postSolution
		{528D0247-EB0C-4EAC-8597-07776DCA6B60}.Debug|Any CPU.ActiveCfg = Debug|Any CPU
		{528D0247-EB0C-4EAC-8597-07776DCA6B60}.Debug|Any CPU.Build.0 = Debug|Any CPU
		{528D0247-EB0C-4EAC-8597-07776DCA6B60}.Release|Any CPU.ActiveCfg = Release|Any CPU
		{528D0247-EB0C-4EAC-8597-07776DCA6B60}.Release|Any CPU.Build.0 = Release|Any CPU
		{86B641B0-5137-4B79-8B9A-D6F71B788C10}.Debug|Any CPU.ActiveCfg = Debug|Any CPU
		{86B641B0-5137-4B79-8B9A-D6F71B788C10}.Debug|Any CPU.Build.0 = Debug|Any CPU
		{86B641B0-5137-4B79-8B9A-D6F71B788C10}.Release|Any CPU.ActiveCfg = Release|Any CPU
		{86B641B0-5137-4B79-8B9A-D6F71B788C10}.Release|Any CPU.Build.0 = Release|Any CPU
	EndGlobalSection
	GlobalSection(SolutionProperties) = preSolution
		HideSolutionNode = FALSE
	EndGlobalSection
	GlobalSection(ExtensibilityGlobals) = postSolution
		SolutionGuid = {EF6EBC16-2106-4E48-8103-42323BE78860}
	EndGlobalSection
EndGlobal
