
Microsoft Visual Studio Solution File, Format Version 12.00
# Visual Studio Version 16
VisualStudioVersion = 16.0.31112.23
MinimumVisualStudioVersion = 10.0.40219.1
Project("{FAE04EC0-301F-11D3-BF4B-00C04F79EFBC}") = "Polymorphism_Demo", "Polymorphism_Demo\Polymorphism_Demo.csproj", "{2E43637A-FE29-4608-A185-DDE5D3795D4B}"
EndProject
Global
	GlobalSection(SolutionConfigurationPlatforms) = preSolution
		Debug|Any CPU = Debug|Any CPU
		Release|Any CPU = Release|Any CPU
	EndGlobalSection
	GlobalSection(ProjectConfigurationPlatforms) = postSolution
		{2E43637A-FE29-4608-A185-DDE5D3795D4B}.Debug|Any CPU.ActiveCfg = Debug|Any CPU
		{2E43637A-FE29-4608-A185-DDE5D3795D4B}.Debug|Any CPU.Build.0 = Debug|Any CPU
		{2E43637A-FE29-4608-A185-DDE5D3795D4B}.Release|Any CPU.ActiveCfg = Release|Any CPU
		{2E43637A-FE29-4608-A185-DDE5D3795D4B}.Release|Any CPU.Build.0 = Release|Any CPU
	EndGlobalSection
	GlobalSection(SolutionProperties) = preSolution
		HideSolutionNode = FALSE
	EndGlobalSection
	GlobalSection(ExtensibilityGlobals) = postSolution
		SolutionGuid = {1882579C-FBE0-4C2A-8DB5-0E5D99285661}
	EndGlobalSection
EndGlobal
