
Microsoft Visual Studio Solution File, Format Version 12.00
# Visual Studio Version 16
VisualStudioVersion = 16.0.31112.23
MinimumVisualStudioVersion = 10.0.40219.1
Project("{FAE04EC0-301F-11D3-BF4B-00C04F79EFBC}") = "CalculatorLib", "CalculatorLib\CalculatorLib.csproj", "{A68D3AA0-C49E-458A-B580-FA93C26ECDCB}"
EndProject
Global
	GlobalSection(SolutionConfigurationPlatforms) = preSolution
		Debug|Any CPU = Debug|Any CPU
		Release|Any CPU = Release|Any CPU
	EndGlobalSection
	GlobalSection(ProjectConfigurationPlatforms) = postSolution
		{A68D3AA0-C49E-458A-B580-FA93C26ECDCB}.Debug|Any CPU.ActiveCfg = Debug|Any CPU
		{A68D3AA0-C49E-458A-B580-FA93C26ECDCB}.Debug|Any CPU.Build.0 = Debug|Any CPU
		{A68D3AA0-C49E-458A-B580-FA93C26ECDCB}.Release|Any CPU.ActiveCfg = Release|Any CPU
		{A68D3AA0-C49E-458A-B580-FA93C26ECDCB}.Release|Any CPU.Build.0 = Release|Any CPU
	EndGlobalSection
	GlobalSection(SolutionProperties) = preSolution
		HideSolutionNode = FALSE
	EndGlobalSection
	GlobalSection(ExtensibilityGlobals) = postSolution
		SolutionGuid = {65B67B4D-C3CB-4A8C-BAFA-C0CDD259FD32}
	EndGlobalSection
EndGlobal
