
Microsoft Visual Studio Solution File, Format Version 12.00
# Visual Studio Version 16
VisualStudioVersion = 16.0.31112.23
MinimumVisualStudioVersion = 10.0.40219.1
Project("{FAE04EC0-301F-11D3-BF4B-00C04F79EFBC}") = "ProductGenerics", "ProductGenerics\ProductGenerics.csproj", "{2628AB1A-1D5D-40CE-89B0-CF3A388036D8}"
EndProject
Global
	GlobalSection(SolutionConfigurationPlatforms) = preSolution
		Debug|Any CPU = Debug|Any CPU
		Release|Any CPU = Release|Any CPU
	EndGlobalSection
	GlobalSection(ProjectConfigurationPlatforms) = postSolution
		{2628AB1A-1D5D-40CE-89B0-CF3A388036D8}.Debug|Any CPU.ActiveCfg = Debug|Any CPU
		{2628AB1A-1D5D-40CE-89B0-CF3A388036D8}.Debug|Any CPU.Build.0 = Debug|Any CPU
		{2628AB1A-1D5D-40CE-89B0-CF3A388036D8}.Release|Any CPU.ActiveCfg = Release|Any CPU
		{2628AB1A-1D5D-40CE-89B0-CF3A388036D8}.Release|Any CPU.Build.0 = Release|Any CPU
	EndGlobalSection
	GlobalSection(SolutionProperties) = preSolution
		HideSolutionNode = FALSE
	EndGlobalSection
	GlobalSection(ExtensibilityGlobals) = postSolution
		SolutionGuid = {D19F21A0-A25A-4DC3-A836-87FB64FC9E61}
	EndGlobalSection
EndGlobal
