
Microsoft Visual Studio Solution File, Format Version 12.00
# Visual Studio Version 16
VisualStudioVersion = 16.0.31112.23
MinimumVisualStudioVersion = 10.0.40219.1
Project("{FAE04EC0-301F-11D3-BF4B-00C04F79EFBC}") = "BankingTransactions", "BankingTransactions\BankingTransactions.csproj", "{73ECD46B-1971-4F68-9286-4A620D1C65CF}"
EndProject
Project("{FAE04EC0-301F-11D3-BF4B-00C04F79EFBC}") = "ClassLibrary1", "ClassLibrary1\ClassLibrary1.csproj", "{8B4B0F2E-F416-4B62-A965-3996E5D4D70A}"
EndProject
Global
	GlobalSection(SolutionConfigurationPlatforms) = preSolution
		Debug|Any CPU = Debug|Any CPU
		Release|Any CPU = Release|Any CPU
	EndGlobalSection
	GlobalSection(ProjectConfigurationPlatforms) = postSolution
		{73ECD46B-1971-4F68-9286-4A620D1C65CF}.Debug|Any CPU.ActiveCfg = Debug|Any CPU
		{73ECD46B-1971-4F68-9286-4A620D1C65CF}.Debug|Any CPU.Build.0 = Debug|Any CPU
		{73ECD46B-1971-4F68-9286-4A620D1C65CF}.Release|Any CPU.ActiveCfg = Release|Any CPU
		{73ECD46B-1971-4F68-9286-4A620D1C65CF}.Release|Any CPU.Build.0 = Release|Any CPU
		{8B4B0F2E-F416-4B62-A965-3996E5D4D70A}.Debug|Any CPU.ActiveCfg = Debug|Any CPU
		{8B4B0F2E-F416-4B62-A965-3996E5D4D70A}.Debug|Any CPU.Build.0 = Debug|Any CPU
		{8B4B0F2E-F416-4B62-A965-3996E5D4D70A}.Release|Any CPU.ActiveCfg = Release|Any CPU
		{8B4B0F2E-F416-4B62-A965-3996E5D4D70A}.Release|Any CPU.Build.0 = Release|Any CPU
	EndGlobalSection
	GlobalSection(SolutionProperties) = preSolution
		HideSolutionNode = FALSE
	EndGlobalSection
	GlobalSection(ExtensibilityGlobals) = postSolution
		SolutionGuid = {BE07F691-6B26-44DF-8729-179827342332}
	EndGlobalSection
EndGlobal
