
Microsoft Visual Studio Solution File, Format Version 12.00
# Visual Studio Version 16
VisualStudioVersion = 16.0.31112.23
MinimumVisualStudioVersion = 10.0.40219.1
Project("{FAE04EC0-301F-11D3-BF4B-00C04F79EFBC}") = "GenericAndLINQ", "GenericAndLINQ\GenericAndLINQ.csproj", "{B8D3935F-4892-4827-ADA6-1FB5E28E2995}"
EndProject
Global
	GlobalSection(SolutionConfigurationPlatforms) = preSolution
		Debug|Any CPU = Debug|Any CPU
		Release|Any CPU = Release|Any CPU
	EndGlobalSection
	GlobalSection(ProjectConfigurationPlatforms) = postSolution
		{B8D3935F-4892-4827-ADA6-1FB5E28E2995}.Debug|Any CPU.ActiveCfg = Debug|Any CPU
		{B8D3935F-4892-4827-ADA6-1FB5E28E2995}.Debug|Any CPU.Build.0 = Debug|Any CPU
		{B8D3935F-4892-4827-ADA6-1FB5E28E2995}.Release|Any CPU.ActiveCfg = Release|Any CPU
		{B8D3935F-4892-4827-ADA6-1FB5E28E2995}.Release|Any CPU.Build.0 = Release|Any CPU
	EndGlobalSection
	GlobalSection(SolutionProperties) = preSolution
		HideSolutionNode = FALSE
	EndGlobalSection
	GlobalSection(ExtensibilityGlobals) = postSolution
		SolutionGuid = {19C204D2-5B92-4DE1-A210-6F0283AD0C24}
	EndGlobalSection
EndGlobal
