
Microsoft Visual Studio Solution File, Format Version 12.00
# Visual Studio Version 16
VisualStudioVersion = 16.0.31112.23
MinimumVisualStudioVersion = 10.0.40219.1
Project("{FAE04EC0-301F-11D3-BF4B-00C04F79EFBC}") = "consoleapp", "consoleapp\consoleapp.csproj", "{A469BAA8-AC98-428A-BD36-FB123EE925E9}"
EndProject
Project("{FAE04EC0-301F-11D3-BF4B-00C04F79EFBC}") = "core", "core\core.csproj", "{6D226FE4-6560-4E27-A489-71C1AE361105}"
EndProject
Project("{FAE04EC0-301F-11D3-BF4B-00C04F79EFBC}") = "infrastructure", "infrastructure\infrastructure.csproj", "{FCAA156C-3272-40E9-BA47-2E6484F92810}"
EndProject
Global
	GlobalSection(SolutionConfigurationPlatforms) = preSolution
		Debug|Any CPU = Debug|Any CPU
		Release|Any CPU = Release|Any CPU
	EndGlobalSection
	GlobalSection(ProjectConfigurationPlatforms) = postSolution
		{A469BAA8-AC98-428A-BD36-FB123EE925E9}.Debug|Any CPU.ActiveCfg = Debug|Any CPU
		{A469BAA8-AC98-428A-BD36-FB123EE925E9}.Debug|Any CPU.Build.0 = Debug|Any CPU
		{A469BAA8-AC98-428A-BD36-FB123EE925E9}.Release|Any CPU.ActiveCfg = Release|Any CPU
		{A469BAA8-AC98-428A-BD36-FB123EE925E9}.Release|Any CPU.Build.0 = Release|Any CPU
		{6D226FE4-6560-4E27-A489-71C1AE361105}.Debug|Any CPU.ActiveCfg = Debug|Any CPU
		{6D226FE4-6560-4E27-A489-71C1AE361105}.Debug|Any CPU.Build.0 = Debug|Any CPU
		{6D226FE4-6560-4E27-A489-71C1AE361105}.Release|Any CPU.ActiveCfg = Release|Any CPU
		{6D226FE4-6560-4E27-A489-71C1AE361105}.Release|Any CPU.Build.0 = Release|Any CPU
		{FCAA156C-3272-40E9-BA47-2E6484F92810}.Debug|Any CPU.ActiveCfg = Debug|Any CPU
		{FCAA156C-3272-40E9-BA47-2E6484F92810}.Debug|Any CPU.Build.0 = Debug|Any CPU
		{FCAA156C-3272-40E9-BA47-2E6484F92810}.Release|Any CPU.ActiveCfg = Release|Any CPU
		{FCAA156C-3272-40E9-BA47-2E6484F92810}.Release|Any CPU.Build.0 = Release|Any CPU
	EndGlobalSection
	GlobalSection(SolutionProperties) = preSolution
		HideSolutionNode = FALSE
	EndGlobalSection
	GlobalSection(ExtensibilityGlobals) = postSolution
		SolutionGuid = {FECD9111-D748-4137-8E18-6185B65FE759}
	EndGlobalSection
EndGlobal
