
Microsoft Visual Studio Solution File, Format Version 12.00
# Visual Studio Version 16
VisualStudioVersion = 16.0.31112.23
MinimumVisualStudioVersion = 10.0.40219.1
Project("{FAE04EC0-301F-11D3-BF4B-00C04F79EFBC}") = "VowelCounter", "VowelCounter\VowelCounter.csproj", "{CD719A92-2804-4F0A-9580-BF60D7F5840B}"
EndProject
Global
	GlobalSection(SolutionConfigurationPlatforms) = preSolution
		Debug|Any CPU = Debug|Any CPU
		Release|Any CPU = Release|Any CPU
	EndGlobalSection
	GlobalSection(ProjectConfigurationPlatforms) = postSolution
		{CD719A92-2804-4F0A-9580-BF60D7F5840B}.Debug|Any CPU.ActiveCfg = Debug|Any CPU
		{CD719A92-2804-4F0A-9580-BF60D7F5840B}.Debug|Any CPU.Build.0 = Debug|Any CPU
		{CD719A92-2804-4F0A-9580-BF60D7F5840B}.Release|Any CPU.ActiveCfg = Release|Any CPU
		{CD719A92-2804-4F0A-9580-BF60D7F5840B}.Release|Any CPU.Build.0 = Release|Any CPU
	EndGlobalSection
	GlobalSection(SolutionProperties) = preSolution
		HideSolutionNode = FALSE
	EndGlobalSection
	GlobalSection(ExtensibilityGlobals) = postSolution
		SolutionGuid = {F2D438AC-5330-4CA6-901D-9A7329C92FB3}
	EndGlobalSection
EndGlobal
